PODS:
  - GGXSwiftExtension (0.7.4)
  - PTDebugView (0.2.0):
    - GGXSwiftExtension
    - SnapKit
  - SnapKit (5.7.1)

DEPENDENCIES:
  - PTDebugView (from `../`)

SPEC REPOS:
  trunk:
    - GGXSwiftExtension
    - SnapKit

EXTERNAL SOURCES:
  PTDebugView:
    :path: "../"

SPEC CHECKSUMS:
  GGXSwiftExtension: 438330b80997b69e09968004588ce41d8ff36583
  PTDebugView: 6f575c173b057f3ef27ff34ba23c9e813ab71869
  SnapKit: d612e99e678a2d3b95bf60b0705ed0a35c03484a

PODFILE CHECKSUM: f4187f60e07001e71897b1d119afbc832c3dd359

COCOAPODS: 1.16.1
